
Microsoft Visual Studio Solution File, Format Version 12.00
# Visual Studio 15
VisualStudioVersion = 15.0.28010.2046
MinimumVisualStudioVersion = 10.0.40219.1
Project("{FAE04EC0-301F-11D3-BF4B-00C04F79EFBC}") = "UdeBot", "UdeBot\UdeBot.csproj", "{F0F6EC5F-86DB-4CB1-88CB-ABE9E5FD6595}"
EndProject
Global
	GlobalSection(SolutionConfigurationPlatforms) = preSolution
		build|Any CPU = build|Any CPU
		Debug|Any CPU = Debug|Any CPU
		Release|Any CPU = Release|Any CPU
	EndGlobalSection
	GlobalSection(ProjectConfigurationPlatforms) = postSolution
		{F0F6EC5F-86DB-4CB1-88CB-ABE9E5FD6595}.build|Any CPU.ActiveCfg = build|Any CPU
		{F0F6EC5F-86DB-4CB1-88CB-ABE9E5FD6595}.build|Any CPU.Build.0 = build|Any CPU
		{F0F6EC5F-86DB-4CB1-88CB-ABE9E5FD6595}.Debug|Any CPU.ActiveCfg = Debug|Any CPU
		{F0F6EC5F-86DB-4CB1-88CB-ABE9E5FD6595}.Debug|Any CPU.Build.0 = Debug|Any CPU
		{F0F6EC5F-86DB-4CB1-88CB-ABE9E5FD6595}.Release|Any CPU.ActiveCfg = Release|Any CPU
		{F0F6EC5F-86DB-4CB1-88CB-ABE9E5FD6595}.Release|Any CPU.Build.0 = Release|Any CPU
	EndGlobalSection
	GlobalSection(SolutionProperties) = preSolution
		HideSolutionNode = FALSE
	EndGlobalSection
	GlobalSection(ExtensibilityGlobals) = postSolution
		SolutionGuid = {A134D91C-E2D3-4DCB-B201-3EE1C32B05E4}
	EndGlobalSection
EndGlobal
